github.com/go-telegram/bot v0.2.2 h1:LeSokHMTqzfPDYGpuP/a+J1rLy8vSeHvVQ6kNCOCLdQ=
github.com/go-telegram/bot v0.2.2/go.mod h1:i2TRs7fXWIeaceF3z7KzsMt/he0TwkVC680mvdTFYeM=
github.com/joho/godotenv v1.4.0 h1:3l4+N6zfMWnkbPEXKng2o2/MR5mSwTrBih4ZEkkz1lg=
github.com/joho/godotenv v1.4.0/go.mod h1:f4LDr5Voq0i2e/R5DDNOoa2zzDfwtkZa6DnEwAbqwq4=
